
Microsoft Visual Studio Solution File, Format Version 12.00
# Visual Studio 15
VisualStudioVersion = 15.0.27004.2005
MinimumVisualStudioVersion = 10.0.40219.1
Project("{9A19103F-16F7-4668-BE54-9A1E7A4F7556}") = "SolucionProductosAngular.AccesoDatos", "Angular4Aplicacion.AccesoDatos\SolucionProductosAngular.AccesoDatos.csproj", "{527D9F70-3D2F-4902-ACB3-F6B7C60F4707}"
EndProject
Project("{9A19103F-16F7-4668-BE54-9A1E7A4F7556}") = "SolucionProductosAngular.Repositorios", "Angular4Aplicacion.Repositorio\SolucionProductosAngular.Repositorios.csproj", "{8181B59D-566C-4D08-A739-D26875EA2D3A}"
EndProject
Project("{9A19103F-16F7-4668-BE54-9A1E7A4F7556}") = "SolucionProductosAngular.PresentacionWebApi", "Angular4Core\SolucionProductosAngular.PresentacionWebApi.csproj", "{45764BCB-2135-4415-B808-74D3C2E66AE1}"
EndProject
Global
	GlobalSection(SolutionConfigurationPlatforms) = preSolution
		Debug|Any CPU = Debug|Any CPU
		Release|Any CPU = Release|Any CPU
	EndGlobalSection
	GlobalSection(ProjectConfigurationPlatforms) = postSolution
		{527D9F70-3D2F-4902-ACB3-F6B7C60F4707}.Debug|Any CPU.ActiveCfg = Debug|Any CPU
		{527D9F70-3D2F-4902-ACB3-F6B7C60F4707}.Debug|Any CPU.Build.0 = Debug|Any CPU
		{527D9F70-3D2F-4902-ACB3-F6B7C60F4707}.Release|Any CPU.ActiveCfg = Release|Any CPU
		{527D9F70-3D2F-4902-ACB3-F6B7C60F4707}.Release|Any CPU.Build.0 = Release|Any CPU
		{8181B59D-566C-4D08-A739-D26875EA2D3A}.Debug|Any CPU.ActiveCfg = Debug|Any CPU
		{8181B59D-566C-4D08-A739-D26875EA2D3A}.Debug|Any CPU.Build.0 = Debug|Any CPU
		{8181B59D-566C-4D08-A739-D26875EA2D3A}.Release|Any CPU.ActiveCfg = Release|Any CPU
		{8181B59D-566C-4D08-A739-D26875EA2D3A}.Release|Any CPU.Build.0 = Release|Any CPU
		{45764BCB-2135-4415-B808-74D3C2E66AE1}.Debug|Any CPU.ActiveCfg = Debug|Any CPU
		{45764BCB-2135-4415-B808-74D3C2E66AE1}.Debug|Any CPU.Build.0 = Debug|Any CPU
		{45764BCB-2135-4415-B808-74D3C2E66AE1}.Release|Any CPU.ActiveCfg = Release|Any CPU
		{45764BCB-2135-4415-B808-74D3C2E66AE1}.Release|Any CPU.Build.0 = Release|Any CPU
	EndGlobalSection
	GlobalSection(SolutionProperties) = preSolution
		HideSolutionNode = FALSE
	EndGlobalSection
	GlobalSection(ExtensibilityGlobals) = postSolution
		SolutionGuid = {FDD701A2-08CF-4802-873F-AF8C7C149EDD}
	EndGlobalSection
EndGlobal
